
Microsoft Visual Studio Solution File, Format Version 12.00
# Visual Studio 15
VisualStudioVersion = 15.0.28307.1169
MinimumVisualStudioVersion = 10.0.40219.1
Project("{8BC9CEB8-8B4A-11D0-8D11-00A0C91BC942}") = "CivilProject", "CivilProject\CivilProject.vcxproj", "{39C13EF4-D9AE-49DA-8121-CCC329AC57F5}"
EndProject
Project("{8BC9CEB8-8B4A-11D0-8D11-00A0C91BC942}") = "UnitTest", "UnitTest\UnitTest.vcxproj", "{73FAD1D4-40C2-440E-BCA8-C83509940CA9}"
EndProject
Global
	GlobalSection(SolutionConfigurationPlatforms) = preSolution
		Debug|x64 = Debug|x64
		Debug|x86 = Debug|x86
		Release|x64 = Release|x64
		Release|x86 = Release|x86
	EndGlobalSection
	GlobalSection(ProjectConfigurationPlatforms) = postSolution
		{39C13EF4-D9AE-49DA-8121-CCC329AC57F5}.Debug|x64.ActiveCfg = Debug|x64
		{39C13EF4-D9AE-49DA-8121-CCC329AC57F5}.Debug|x64.Build.0 = Debug|x64
		{39C13EF4-D9AE-49DA-8121-CCC329AC57F5}.Debug|x86.ActiveCfg = Debug|Win32
		{39C13EF4-D9AE-49DA-8121-CCC329AC57F5}.Debug|x86.Build.0 = Debug|Win32
		{39C13EF4-D9AE-49DA-8121-CCC329AC57F5}.Release|x64.ActiveCfg = Release|x64
		{39C13EF4-D9AE-49DA-8121-CCC329AC57F5}.Release|x64.Build.0 = Release|x64
		{39C13EF4-D9AE-49DA-8121-CCC329AC57F5}.Release|x86.ActiveCfg = Release|Win32
		{39C13EF4-D9AE-49DA-8121-CCC329AC57F5}.Release|x86.Build.0 = Release|Win32
		{73FAD1D4-40C2-440E-BCA8-C83509940CA9}.Debug|x64.ActiveCfg = Debug|x64
		{73FAD1D4-40C2-440E-BCA8-C83509940CA9}.Debug|x64.Build.0 = Debug|x64
		{73FAD1D4-40C2-440E-BCA8-C83509940CA9}.Debug|x86.ActiveCfg = Debug|Win32
		{73FAD1D4-40C2-440E-BCA8-C83509940CA9}.Debug|x86.Build.0 = Debug|Win32
		{73FAD1D4-40C2-440E-BCA8-C83509940CA9}.Release|x64.ActiveCfg = Release|x64
		{73FAD1D4-40C2-440E-BCA8-C83509940CA9}.Release|x64.Build.0 = Release|x64
		{73FAD1D4-40C2-440E-BCA8-C83509940CA9}.Release|x86.ActiveCfg = Release|Win32
		{73FAD1D4-40C2-440E-BCA8-C83509940CA9}.Release|x86.Build.0 = Release|Win32
	EndGlobalSection
	GlobalSection(SolutionProperties) = preSolution
		HideSolutionNode = FALSE
	EndGlobalSection
	GlobalSection(ExtensibilityGlobals) = postSolution
		SolutionGuid = {589E6B2B-C27A-4632-9312-A436E07FA12C}
	EndGlobalSection
EndGlobal
