<?xml version="1.0" encoding="utf-8"?>
<Project ToolsVersion="4.0" xmlns="http://schemas.microsoft.com/developer/msbuild/2003">
  <ItemGroup>
    <Filter Include="Source Files">
      <UniqueIdentifier>{4FC737F1-C7A5-4376-A066-2A32D752A2FF}</UniqueIdentifier>
      <Extensions>cpp;c;cc;cxx;c++;def;odl;idl;hpj;bat;asm;asmx</Extensions>
    </Filter>
    <Filter Include="Header Files">
      <UniqueIdentifier>{93995380-89BD-4b04-88EB-625FBE52EBFB}</UniqueIdentifier>
      <Extensions>h;hh;hpp;hxx;h++;hm;inl;inc;ipp;xsd</Extensions>
    </Filter>
    <Filter Include="Resource Files">
      <UniqueIdentifier>{67DA6AB6-F800-4c08-8B7A-83BB121AAD01}</UniqueIdentifier>
      <Extensions>rc;ico;cur;bmp;dlg;rc2;rct;bin;rgs;gif;jpg;jpeg;jpe;resx;tiff;tif;png;wav;mfcribbon-ms</Extensions>
    </Filter>
    <Filter Include="Header Files\Base">
      <UniqueIdentifier>{22c24162-ff2d-4d31-a7bc-3fe5183e0ede}</UniqueIdentifier>
    </Filter>
    <Filter Include="Header Files\Figure">
      <UniqueIdentifier>{3722b077-2dd4-447c-be00-6023e63733a6}</UniqueIdentifier>
    </Filter>
    <Filter Include="Source Files\Base">
      <UniqueIdentifier>{27af5290-8819-47a7-80d8-791b181e5510}</UniqueIdentifier>
    </Filter>
    <Filter Include="Source Files\Figure">
      <UniqueIdentifier>{1617261d-c822-4194-a93b-ac02a792ee5d}</UniqueIdentifier>
    </Filter>
    <Filter Include="Header Files\Draw">
      <UniqueIdentifier>{aa336639-dbcf-406f-aa7f-329debb9a8b9}</UniqueIdentifier>
    </Filter>
    <Filter Include="Source Files\Draw">
      <UniqueIdentifier>{81284421-01e9-4c68-a5aa-44cdc0060b01}</UniqueIdentifier>
    </Filter>
    <Filter Include="Source Files\FigureFabric">
      <UniqueIdentifier>{6f9d6584-8e74-49db-88b3-53a0bc45c782}</UniqueIdentifier>
    </Filter>
    <Filter Include="Header Files\FigureFabric">
      <UniqueIdentifier>{00d2359a-45c1-41e9-9e9f-e80dda79c49a}</UniqueIdentifier>
    </Filter>
    <Filter Include="Header Files\Impl">
      <UniqueIdentifier>{dff7ff2d-7a0b-4703-a8f2-5f5286282a6f}</UniqueIdentifier>
    </Filter>
    <Filter Include="Source Files\ImplEntity">
      <UniqueIdentifier>{62f72853-5ebe-4e7d-a022-617f421bc7aa}</UniqueIdentifier>
    </Filter>
    <Filter Include="Header Files\ReadWrite">
      <UniqueIdentifier>{865e3ec2-92c5-4bf4-ad89-5c7583c35729}</UniqueIdentifier>
    </Filter>
    <Filter Include="Header Files\NewFilter1">
      <UniqueIdentifier>{3526c0e1-d4a5-4b1a-a4c6-59b1acee6c11}</UniqueIdentifier>
    </Filter>
    <Filter Include="Source Files\NewFilter1">
      <UniqueIdentifier>{1c12506d-26fd-40ba-990a-b3b658a0098d}</UniqueIdentifier>
    </Filter>
    <Filter Include="Source Files\ReadWrite">
      <UniqueIdentifier>{d0eb1575-a2e8-4bf4-9917-44fe5cb4639a}</UniqueIdentifier>
    </Filter>
    <Filter Include="Header Files\ReadWrite\InterFace">
      <UniqueIdentifier>{08d41bc8-870b-4ef5-8b73-020413d137f8}</UniqueIdentifier>
    </Filter>
  </ItemGroup>
  <ItemGroup>
    <ClCompile Include="CivilProject.cpp">
      <Filter>Source Files</Filter>
    </ClCompile>
    <ClCompile Include="Exceptions.cpp">
      <Filter>Source Files\Base</Filter>
    </ClCompile>
    <ClCompile Include="IWDraw.cpp">
      <Filter>Source Files\Base</Filter>
    </ClCompile>
    <ClCompile Include="Point2d.cpp">
      <Filter>Source Files\Base</Filter>
    </ClCompile>
    <ClCompile Include="WDrawOGL.cpp">
      <Filter>Source Files\Draw</Filter>
    </ClCompile>
    <ClCompile Include="WDrawCons.cpp">
      <Filter>Source Files\Draw</Filter>
    </ClCompile>
    <ClCompile Include="BaseImpl.cpp">
      <Filter>Source Files\ImplEntity</Filter>
    </ClCompile>
    <ClCompile Include="Arc.cpp">
      <Filter>Source Files\Figure</Filter>
    </ClCompile>
    <ClCompile Include="ArcImpl.cpp">
      <Filter>Source Files\ImplEntity</Filter>
    </ClCompile>
    <ClCompile Include="IBaseObject.cpp">
      <Filter>Source Files\Figure</Filter>
    </ClCompile>
    <ClCompile Include="Circle.cpp">
      <Filter>Source Files\Figure</Filter>
    </ClCompile>
    <ClCompile Include="operation_w_double.cpp">
      <Filter>Source Files\NewFilter1</Filter>
    </ClCompile>
    <ClCompile Include="IRead.cpp">
      <Filter>Source Files\ReadWrite</Filter>
    </ClCompile>
    <ClCompile Include="ReadC.cpp">
      <Filter>Source Files\ReadWrite</Filter>
    </ClCompile>
    <ClCompile Include="ReadF.cpp">
      <Filter>Source Files\ReadWrite</Filter>
    </ClCompile>
    <ClCompile Include="WriteF.cpp">
      <Filter>Source Files\ReadWrite</Filter>
    </ClCompile>
    <ClCompile Include="WriteC.cpp">
      <Filter>Source Files\ReadWrite</Filter>
    </ClCompile>
  </ItemGroup>
  <ItemGroup>
    <ClInclude Include="Point2d.h">
      <Filter>Header Files\Base</Filter>
    </ClInclude>
    <ClInclude Include="Exceptions.h">
      <Filter>Header Files\Base</Filter>
    </ClInclude>
    <ClInclude Include="Full_libs.h">
      <Filter>Header Files\Base</Filter>
    </ClInclude>
    <ClInclude Include="IWDraw.h">
      <Filter>Header Files\Base</Filter>
    </ClInclude>
    <ClInclude Include="WDrawCons.h">
      <Filter>Header Files\Draw</Filter>
    </ClInclude>
    <ClInclude Include="WDrawOGL.h">
      <Filter>Header Files\Draw</Filter>
    </ClInclude>
    <ClInclude Include="BaseImpl.h">
      <Filter>Header Files\Impl</Filter>
    </ClInclude>
    <ClInclude Include="ArcImpl.h">
      <Filter>Header Files\Impl</Filter>
    </ClInclude>
    <ClInclude Include="IBaseObject.h">
      <Filter>Header Files\Figure</Filter>
    </ClInclude>
    <ClInclude Include="Arc.h">
      <Filter>Header Files\Figure</Filter>
    </ClInclude>
    <ClInclude Include="Circle.h">
      <Filter>Header Files\Figure</Filter>
    </ClInclude>
    <ClInclude Include="Header.h">
      <Filter>Header Files\Impl</Filter>
    </ClInclude>
    <ClInclude Include="Constant_Oda.h">
      <Filter>Header Files\NewFilter1</Filter>
    </ClInclude>
    <ClInclude Include="operation_w_double.h">
      <Filter>Header Files\NewFilter1</Filter>
    </ClInclude>
    <ClInclude Include="WriteF.h">
      <Filter>Header Files\ReadWrite</Filter>
    </ClInclude>
    <ClInclude Include="WriteC.h">
      <Filter>Header Files\ReadWrite</Filter>
    </ClInclude>
    <ClInclude Include="ReadF.h">
      <Filter>Header Files\ReadWrite</Filter>
    </ClInclude>
    <ClInclude Include="ReadC.h">
      <Filter>Header Files\ReadWrite</Filter>
    </ClInclude>
    <ClInclude Include="IWrite.h">
      <Filter>Header Files\ReadWrite\InterFace</Filter>
    </ClInclude>
    <ClInclude Include="IRead.h">
      <Filter>Header Files\ReadWrite\InterFace</Filter>
    </ClInclude>
  </ItemGroup>
</Project>